
Microsoft Visual Studio Solution File, Format Version 12.00
# Visual Studio Version 16
VisualStudioVersion = 16.0.31515.178
MinimumVisualStudioVersion = 10.0.40219.1
Project("{FAE04EC0-301F-11D3-BF4B-00C04F79EFBC}") = "Ei_Dimension", "Ei_Dimension\Ei_Dimension.csproj", "{144670CB-6396-488C-A76D-2E03A3B69E78}"
	ProjectSection(ProjectDependencies) = postProject
		{AE6FFECA-703A-49A8-8979-7381FB4DBAE9} = {AE6FFECA-703A-49A8-8979-7381FB4DBAE9}
		{A4B56FCD-95DD-44CD-8F5B-6EE456BBD095} = {A4B56FCD-95DD-44CD-8F5B-6EE456BBD095}
	EndProjectSection
EndProject
Project("{FAE04EC0-301F-11D3-BF4B-00C04F79EFBC}") = "WinUSBNet", "winusbnet-1.0.3\WinUSBNet\WinUSBNet.csproj", "{CE06C329-287D-4F1E-B62D-B8353F2BAA4A}"
EndProject
Project("{FAE04EC0-301F-11D3-BF4B-00C04F79EFBC}") = "MicroCy", "MicroCy\MicroCy.csproj", "{A4B56FCD-95DD-44CD-8F5B-6EE456BBD095}"
EndProject
Project("{FAE04EC0-301F-11D3-BF4B-00C04F79EFBC}") = "Language", "Language\Language.csproj", "{AE6FFECA-703A-49A8-8979-7381FB4DBAE9}"
EndProject
Global
	GlobalSection(SolutionConfigurationPlatforms) = preSolution
		Debug|Any CPU = Debug|Any CPU
		Release|Any CPU = Release|Any CPU
	EndGlobalSection
	GlobalSection(ProjectConfigurationPlatforms) = postSolution
		{144670CB-6396-488C-A76D-2E03A3B69E78}.Debug|Any CPU.ActiveCfg = Debug|Any CPU
		{144670CB-6396-488C-A76D-2E03A3B69E78}.Debug|Any CPU.Build.0 = Debug|Any CPU
		{144670CB-6396-488C-A76D-2E03A3B69E78}.Release|Any CPU.ActiveCfg = Release|Any CPU
		{144670CB-6396-488C-A76D-2E03A3B69E78}.Release|Any CPU.Build.0 = Release|Any CPU
		{CE06C329-287D-4F1E-B62D-B8353F2BAA4A}.Debug|Any CPU.ActiveCfg = Debug|Any CPU
		{CE06C329-287D-4F1E-B62D-B8353F2BAA4A}.Debug|Any CPU.Build.0 = Debug|Any CPU
		{CE06C329-287D-4F1E-B62D-B8353F2BAA4A}.Release|Any CPU.ActiveCfg = Release|Any CPU
		{CE06C329-287D-4F1E-B62D-B8353F2BAA4A}.Release|Any CPU.Build.0 = Release|Any CPU
		{A4B56FCD-95DD-44CD-8F5B-6EE456BBD095}.Debug|Any CPU.ActiveCfg = Debug|Any CPU
		{A4B56FCD-95DD-44CD-8F5B-6EE456BBD095}.Debug|Any CPU.Build.0 = Debug|Any CPU
		{A4B56FCD-95DD-44CD-8F5B-6EE456BBD095}.Release|Any CPU.ActiveCfg = Release|Any CPU
		{A4B56FCD-95DD-44CD-8F5B-6EE456BBD095}.Release|Any CPU.Build.0 = Release|Any CPU
		{AE6FFECA-703A-49A8-8979-7381FB4DBAE9}.Debug|Any CPU.ActiveCfg = Debug|Any CPU
		{AE6FFECA-703A-49A8-8979-7381FB4DBAE9}.Debug|Any CPU.Build.0 = Debug|Any CPU
		{AE6FFECA-703A-49A8-8979-7381FB4DBAE9}.Release|Any CPU.ActiveCfg = Release|Any CPU
		{AE6FFECA-703A-49A8-8979-7381FB4DBAE9}.Release|Any CPU.Build.0 = Release|Any CPU
	EndGlobalSection
	GlobalSection(SolutionProperties) = preSolution
		HideSolutionNode = FALSE
	EndGlobalSection
	GlobalSection(ExtensibilityGlobals) = postSolution
		SolutionGuid = {30E195A8-5F73-44FA-A681-8E5BA9DF6C58}
	EndGlobalSection
EndGlobal
