
Microsoft Visual Studio Solution File, Format Version 12.00
# Visual Studio Version 17
VisualStudioVersion = 17.1.32210.238
MinimumVisualStudioVersion = 10.0.40219.1
Project("{FAE04EC0-301F-11D3-BF4B-00C04F79EFBC}") = "Ei_Dimension", "Ei_Dimension\Ei_Dimension.csproj", "{144670CB-6396-488C-A76D-2E03A3B69E78}"
	ProjectSection(ProjectDependencies) = postProject
		{A4B56FCD-95DD-44CD-8F5B-6EE456BBD095} = {A4B56FCD-95DD-44CD-8F5B-6EE456BBD095}
		{AE6FFECA-703A-49A8-8979-7381FB4DBAE9} = {AE6FFECA-703A-49A8-8979-7381FB4DBAE9}
	EndProjectSection
EndProject
Project("{FAE04EC0-301F-11D3-BF4B-00C04F79EFBC}") = "DIOS.Core", "MicroCy\DIOS.Core.csproj", "{A4B56FCD-95DD-44CD-8F5B-6EE456BBD095}"
EndProject
Project("{FAE04EC0-301F-11D3-BF4B-00C04F79EFBC}") = "Language", "Language\Language.csproj", "{AE6FFECA-703A-49A8-8979-7381FB4DBAE9}"
EndProject
Project("{2150E333-8FDC-42A3-9474-1A3956D46DE8}") = "Tests", "Tests", "{22FD0680-0B04-454B-A417-430343B3685A}"
EndProject
Project("{9A19103F-16F7-4668-BE54-9A1E7A4F7556}") = "DIOS.Core.Tests", "Tests\DIOS.Core.Tests\DIOS.Core.Tests.csproj", "{9820248A-CD97-4E68-B702-60D43FDF3C62}"
	ProjectSection(ProjectDependencies) = postProject
		{A4B56FCD-95DD-44CD-8F5B-6EE456BBD095} = {A4B56FCD-95DD-44CD-8F5B-6EE456BBD095}
	EndProjectSection
EndProject
Project("{9A19103F-16F7-4668-BE54-9A1E7A4F7556}") = "APP.Tests", "Tests\APP.Tests\APP.Tests.csproj", "{F3953AF8-F0D9-428D-B245-659E9ADF6E6A}"
	ProjectSection(ProjectDependencies) = postProject
		{144670CB-6396-488C-A76D-2E03A3B69E78} = {144670CB-6396-488C-A76D-2E03A3B69E78}
		{9820248A-CD97-4E68-B702-60D43FDF3C62} = {9820248A-CD97-4E68-B702-60D43FDF3C62}
		{A4B56FCD-95DD-44CD-8F5B-6EE456BBD095} = {A4B56FCD-95DD-44CD-8F5B-6EE456BBD095}
	EndProjectSection
EndProject
Project("{9A19103F-16F7-4668-BE54-9A1E7A4F7556}") = "WinUSBNet", "winusbnet-2.1.0\WinUSBNet\WinUSBNet.csproj", "{BF8C5514-4AAA-46BB-A35D-341E5743EE13}"
EndProject
Project("{FAE04EC0-301F-11D3-BF4B-00C04F79EFBC}") = "Application", "Application\Application.csproj", "{7999001C-C595-4F3B-9364-35393CEEA43D}"
	ProjectSection(ProjectDependencies) = postProject
		{A4B56FCD-95DD-44CD-8F5B-6EE456BBD095} = {A4B56FCD-95DD-44CD-8F5B-6EE456BBD095}
	EndProjectSection
EndProject
Global
	GlobalSection(SolutionConfigurationPlatforms) = preSolution
		Debug|Any CPU = Debug|Any CPU
		Debug|ARM = Debug|ARM
		Debug|ARM64 = Debug|ARM64
		Debug|x64 = Debug|x64
		Debug|x86 = Debug|x86
		Release|Any CPU = Release|Any CPU
		Release|ARM = Release|ARM
		Release|ARM64 = Release|ARM64
		Release|x64 = Release|x64
		Release|x86 = Release|x86
	EndGlobalSection
	GlobalSection(ProjectConfigurationPlatforms) = postSolution
		{144670CB-6396-488C-A76D-2E03A3B69E78}.Debug|Any CPU.ActiveCfg = Debug|Any CPU
		{144670CB-6396-488C-A76D-2E03A3B69E78}.Debug|Any CPU.Build.0 = Debug|Any CPU
		{144670CB-6396-488C-A76D-2E03A3B69E78}.Debug|ARM.ActiveCfg = Debug|Any CPU
		{144670CB-6396-488C-A76D-2E03A3B69E78}.Debug|ARM.Build.0 = Debug|Any CPU
		{144670CB-6396-488C-A76D-2E03A3B69E78}.Debug|ARM64.ActiveCfg = Debug|Any CPU
		{144670CB-6396-488C-A76D-2E03A3B69E78}.Debug|ARM64.Build.0 = Debug|Any CPU
		{144670CB-6396-488C-A76D-2E03A3B69E78}.Debug|x64.ActiveCfg = Debug|Any CPU
		{144670CB-6396-488C-A76D-2E03A3B69E78}.Debug|x64.Build.0 = Debug|Any CPU
		{144670CB-6396-488C-A76D-2E03A3B69E78}.Debug|x86.ActiveCfg = Debug|Any CPU
		{144670CB-6396-488C-A76D-2E03A3B69E78}.Debug|x86.Build.0 = Debug|Any CPU
		{144670CB-6396-488C-A76D-2E03A3B69E78}.Release|Any CPU.ActiveCfg = Release|Any CPU
		{144670CB-6396-488C-A76D-2E03A3B69E78}.Release|Any CPU.Build.0 = Release|Any CPU
		{144670CB-6396-488C-A76D-2E03A3B69E78}.Release|ARM.ActiveCfg = Release|Any CPU
		{144670CB-6396-488C-A76D-2E03A3B69E78}.Release|ARM.Build.0 = Release|Any CPU
		{144670CB-6396-488C-A76D-2E03A3B69E78}.Release|ARM64.ActiveCfg = Release|Any CPU
		{144670CB-6396-488C-A76D-2E03A3B69E78}.Release|ARM64.Build.0 = Release|Any CPU
		{144670CB-6396-488C-A76D-2E03A3B69E78}.Release|x64.ActiveCfg = Release|Any CPU
		{144670CB-6396-488C-A76D-2E03A3B69E78}.Release|x64.Build.0 = Release|Any CPU
		{144670CB-6396-488C-A76D-2E03A3B69E78}.Release|x86.ActiveCfg = Release|Any CPU
		{144670CB-6396-488C-A76D-2E03A3B69E78}.Release|x86.Build.0 = Release|Any CPU
		{A4B56FCD-95DD-44CD-8F5B-6EE456BBD095}.Debug|Any CPU.ActiveCfg = Debug|Any CPU
		{A4B56FCD-95DD-44CD-8F5B-6EE456BBD095}.Debug|Any CPU.Build.0 = Debug|Any CPU
		{A4B56FCD-95DD-44CD-8F5B-6EE456BBD095}.Debug|ARM.ActiveCfg = Debug|Any CPU
		{A4B56FCD-95DD-44CD-8F5B-6EE456BBD095}.Debug|ARM.Build.0 = Debug|Any CPU
		{A4B56FCD-95DD-44CD-8F5B-6EE456BBD095}.Debug|ARM64.ActiveCfg = Debug|Any CPU
		{A4B56FCD-95DD-44CD-8F5B-6EE456BBD095}.Debug|ARM64.Build.0 = Debug|Any CPU
		{A4B56FCD-95DD-44CD-8F5B-6EE456BBD095}.Debug|x64.ActiveCfg = Debug|Any CPU
		{A4B56FCD-95DD-44CD-8F5B-6EE456BBD095}.Debug|x64.Build.0 = Debug|Any CPU
		{A4B56FCD-95DD-44CD-8F5B-6EE456BBD095}.Debug|x86.ActiveCfg = Debug|Any CPU
		{A4B56FCD-95DD-44CD-8F5B-6EE456BBD095}.Debug|x86.Build.0 = Debug|Any CPU
		{A4B56FCD-95DD-44CD-8F5B-6EE456BBD095}.Release|Any CPU.ActiveCfg = Release|Any CPU
		{A4B56FCD-95DD-44CD-8F5B-6EE456BBD095}.Release|Any CPU.Build.0 = Release|Any CPU
		{A4B56FCD-95DD-44CD-8F5B-6EE456BBD095}.Release|ARM.ActiveCfg = Release|Any CPU
		{A4B56FCD-95DD-44CD-8F5B-6EE456BBD095}.Release|ARM.Build.0 = Release|Any CPU
		{A4B56FCD-95DD-44CD-8F5B-6EE456BBD095}.Release|ARM64.ActiveCfg = Release|Any CPU
		{A4B56FCD-95DD-44CD-8F5B-6EE456BBD095}.Release|ARM64.Build.0 = Release|Any CPU
		{A4B56FCD-95DD-44CD-8F5B-6EE456BBD095}.Release|x64.ActiveCfg = Release|Any CPU
		{A4B56FCD-95DD-44CD-8F5B-6EE456BBD095}.Release|x64.Build.0 = Release|Any CPU
		{A4B56FCD-95DD-44CD-8F5B-6EE456BBD095}.Release|x86.ActiveCfg = Release|Any CPU
		{A4B56FCD-95DD-44CD-8F5B-6EE456BBD095}.Release|x86.Build.0 = Release|Any CPU
		{AE6FFECA-703A-49A8-8979-7381FB4DBAE9}.Debug|Any CPU.ActiveCfg = Debug|Any CPU
		{AE6FFECA-703A-49A8-8979-7381FB4DBAE9}.Debug|Any CPU.Build.0 = Debug|Any CPU
		{AE6FFECA-703A-49A8-8979-7381FB4DBAE9}.Debug|ARM.ActiveCfg = Debug|Any CPU
		{AE6FFECA-703A-49A8-8979-7381FB4DBAE9}.Debug|ARM.Build.0 = Debug|Any CPU
		{AE6FFECA-703A-49A8-8979-7381FB4DBAE9}.Debug|ARM64.ActiveCfg = Debug|Any CPU
		{AE6FFECA-703A-49A8-8979-7381FB4DBAE9}.Debug|ARM64.Build.0 = Debug|Any CPU
		{AE6FFECA-703A-49A8-8979-7381FB4DBAE9}.Debug|x64.ActiveCfg = Debug|Any CPU
		{AE6FFECA-703A-49A8-8979-7381FB4DBAE9}.Debug|x64.Build.0 = Debug|Any CPU
		{AE6FFECA-703A-49A8-8979-7381FB4DBAE9}.Debug|x86.ActiveCfg = Debug|Any CPU
		{AE6FFECA-703A-49A8-8979-7381FB4DBAE9}.Debug|x86.Build.0 = Debug|Any CPU
		{AE6FFECA-703A-49A8-8979-7381FB4DBAE9}.Release|Any CPU.ActiveCfg = Release|Any CPU
		{AE6FFECA-703A-49A8-8979-7381FB4DBAE9}.Release|Any CPU.Build.0 = Release|Any CPU
		{AE6FFECA-703A-49A8-8979-7381FB4DBAE9}.Release|ARM.ActiveCfg = Release|Any CPU
		{AE6FFECA-703A-49A8-8979-7381FB4DBAE9}.Release|ARM.Build.0 = Release|Any CPU
		{AE6FFECA-703A-49A8-8979-7381FB4DBAE9}.Release|ARM64.ActiveCfg = Release|Any CPU
		{AE6FFECA-703A-49A8-8979-7381FB4DBAE9}.Release|ARM64.Build.0 = Release|Any CPU
		{AE6FFECA-703A-49A8-8979-7381FB4DBAE9}.Release|x64.ActiveCfg = Release|Any CPU
		{AE6FFECA-703A-49A8-8979-7381FB4DBAE9}.Release|x64.Build.0 = Release|Any CPU
		{AE6FFECA-703A-49A8-8979-7381FB4DBAE9}.Release|x86.ActiveCfg = Release|Any CPU
		{AE6FFECA-703A-49A8-8979-7381FB4DBAE9}.Release|x86.Build.0 = Release|Any CPU
		{9820248A-CD97-4E68-B702-60D43FDF3C62}.Debug|Any CPU.ActiveCfg = Debug|Any CPU
		{9820248A-CD97-4E68-B702-60D43FDF3C62}.Debug|Any CPU.Build.0 = Debug|Any CPU
		{9820248A-CD97-4E68-B702-60D43FDF3C62}.Debug|ARM.ActiveCfg = Debug|Any CPU
		{9820248A-CD97-4E68-B702-60D43FDF3C62}.Debug|ARM.Build.0 = Debug|Any CPU
		{9820248A-CD97-4E68-B702-60D43FDF3C62}.Debug|ARM64.ActiveCfg = Debug|Any CPU
		{9820248A-CD97-4E68-B702-60D43FDF3C62}.Debug|ARM64.Build.0 = Debug|Any CPU
		{9820248A-CD97-4E68-B702-60D43FDF3C62}.Debug|x64.ActiveCfg = Debug|Any CPU
		{9820248A-CD97-4E68-B702-60D43FDF3C62}.Debug|x64.Build.0 = Debug|Any CPU
		{9820248A-CD97-4E68-B702-60D43FDF3C62}.Debug|x86.ActiveCfg = Debug|Any CPU
		{9820248A-CD97-4E68-B702-60D43FDF3C62}.Debug|x86.Build.0 = Debug|Any CPU
		{9820248A-CD97-4E68-B702-60D43FDF3C62}.Release|Any CPU.ActiveCfg = Release|Any CPU
		{9820248A-CD97-4E68-B702-60D43FDF3C62}.Release|Any CPU.Build.0 = Release|Any CPU
		{9820248A-CD97-4E68-B702-60D43FDF3C62}.Release|ARM.ActiveCfg = Release|Any CPU
		{9820248A-CD97-4E68-B702-60D43FDF3C62}.Release|ARM.Build.0 = Release|Any CPU
		{9820248A-CD97-4E68-B702-60D43FDF3C62}.Release|ARM64.ActiveCfg = Release|Any CPU
		{9820248A-CD97-4E68-B702-60D43FDF3C62}.Release|ARM64.Build.0 = Release|Any CPU
		{9820248A-CD97-4E68-B702-60D43FDF3C62}.Release|x64.ActiveCfg = Release|Any CPU
		{9820248A-CD97-4E68-B702-60D43FDF3C62}.Release|x64.Build.0 = Release|Any CPU
		{9820248A-CD97-4E68-B702-60D43FDF3C62}.Release|x86.ActiveCfg = Release|Any CPU
		{9820248A-CD97-4E68-B702-60D43FDF3C62}.Release|x86.Build.0 = Release|Any CPU
		{F3953AF8-F0D9-428D-B245-659E9ADF6E6A}.Debug|Any CPU.ActiveCfg = Debug|Any CPU
		{F3953AF8-F0D9-428D-B245-659E9ADF6E6A}.Debug|Any CPU.Build.0 = Debug|Any CPU
		{F3953AF8-F0D9-428D-B245-659E9ADF6E6A}.Debug|ARM.ActiveCfg = Debug|Any CPU
		{F3953AF8-F0D9-428D-B245-659E9ADF6E6A}.Debug|ARM.Build.0 = Debug|Any CPU
		{F3953AF8-F0D9-428D-B245-659E9ADF6E6A}.Debug|ARM64.ActiveCfg = Debug|Any CPU
		{F3953AF8-F0D9-428D-B245-659E9ADF6E6A}.Debug|ARM64.Build.0 = Debug|Any CPU
		{F3953AF8-F0D9-428D-B245-659E9ADF6E6A}.Debug|x64.ActiveCfg = Debug|Any CPU
		{F3953AF8-F0D9-428D-B245-659E9ADF6E6A}.Debug|x64.Build.0 = Debug|Any CPU
		{F3953AF8-F0D9-428D-B245-659E9ADF6E6A}.Debug|x86.ActiveCfg = Debug|Any CPU
		{F3953AF8-F0D9-428D-B245-659E9ADF6E6A}.Debug|x86.Build.0 = Debug|Any CPU
		{F3953AF8-F0D9-428D-B245-659E9ADF6E6A}.Release|Any CPU.ActiveCfg = Release|Any CPU
		{F3953AF8-F0D9-428D-B245-659E9ADF6E6A}.Release|Any CPU.Build.0 = Release|Any CPU
		{F3953AF8-F0D9-428D-B245-659E9ADF6E6A}.Release|ARM.ActiveCfg = Release|Any CPU
		{F3953AF8-F0D9-428D-B245-659E9ADF6E6A}.Release|ARM.Build.0 = Release|Any CPU
		{F3953AF8-F0D9-428D-B245-659E9ADF6E6A}.Release|ARM64.ActiveCfg = Release|Any CPU
		{F3953AF8-F0D9-428D-B245-659E9ADF6E6A}.Release|ARM64.Build.0 = Release|Any CPU
		{F3953AF8-F0D9-428D-B245-659E9ADF6E6A}.Release|x64.ActiveCfg = Release|Any CPU
		{F3953AF8-F0D9-428D-B245-659E9ADF6E6A}.Release|x64.Build.0 = Release|Any CPU
		{F3953AF8-F0D9-428D-B245-659E9ADF6E6A}.Release|x86.ActiveCfg = Release|Any CPU
		{F3953AF8-F0D9-428D-B245-659E9ADF6E6A}.Release|x86.Build.0 = Release|Any CPU
		{BF8C5514-4AAA-46BB-A35D-341E5743EE13}.Debug|Any CPU.ActiveCfg = Debug|Any CPU
		{BF8C5514-4AAA-46BB-A35D-341E5743EE13}.Debug|Any CPU.Build.0 = Debug|Any CPU
		{BF8C5514-4AAA-46BB-A35D-341E5743EE13}.Debug|ARM.ActiveCfg = Debug|Any CPU
		{BF8C5514-4AAA-46BB-A35D-341E5743EE13}.Debug|ARM.Build.0 = Debug|Any CPU
		{BF8C5514-4AAA-46BB-A35D-341E5743EE13}.Debug|ARM64.ActiveCfg = Debug|Any CPU
		{BF8C5514-4AAA-46BB-A35D-341E5743EE13}.Debug|ARM64.Build.0 = Debug|Any CPU
		{BF8C5514-4AAA-46BB-A35D-341E5743EE13}.Debug|x64.ActiveCfg = Debug|Any CPU
		{BF8C5514-4AAA-46BB-A35D-341E5743EE13}.Debug|x64.Build.0 = Debug|Any CPU
		{BF8C5514-4AAA-46BB-A35D-341E5743EE13}.Debug|x86.ActiveCfg = Debug|Any CPU
		{BF8C5514-4AAA-46BB-A35D-341E5743EE13}.Debug|x86.Build.0 = Debug|Any CPU
		{BF8C5514-4AAA-46BB-A35D-341E5743EE13}.Release|Any CPU.ActiveCfg = Release|Any CPU
		{BF8C5514-4AAA-46BB-A35D-341E5743EE13}.Release|Any CPU.Build.0 = Release|Any CPU
		{BF8C5514-4AAA-46BB-A35D-341E5743EE13}.Release|ARM.ActiveCfg = Release|Any CPU
		{BF8C5514-4AAA-46BB-A35D-341E5743EE13}.Release|ARM.Build.0 = Release|Any CPU
		{BF8C5514-4AAA-46BB-A35D-341E5743EE13}.Release|ARM64.ActiveCfg = Release|Any CPU
		{BF8C5514-4AAA-46BB-A35D-341E5743EE13}.Release|ARM64.Build.0 = Release|Any CPU
		{BF8C5514-4AAA-46BB-A35D-341E5743EE13}.Release|x64.ActiveCfg = Release|Any CPU
		{BF8C5514-4AAA-46BB-A35D-341E5743EE13}.Release|x64.Build.0 = Release|Any CPU
		{BF8C5514-4AAA-46BB-A35D-341E5743EE13}.Release|x86.ActiveCfg = Release|Any CPU
		{BF8C5514-4AAA-46BB-A35D-341E5743EE13}.Release|x86.Build.0 = Release|Any CPU
		{7999001C-C595-4F3B-9364-35393CEEA43D}.Debug|Any CPU.ActiveCfg = Debug|Any CPU
		{7999001C-C595-4F3B-9364-35393CEEA43D}.Debug|Any CPU.Build.0 = Debug|Any CPU
		{7999001C-C595-4F3B-9364-35393CEEA43D}.Debug|ARM.ActiveCfg = Debug|Any CPU
		{7999001C-C595-4F3B-9364-35393CEEA43D}.Debug|ARM.Build.0 = Debug|Any CPU
		{7999001C-C595-4F3B-9364-35393CEEA43D}.Debug|ARM64.ActiveCfg = Debug|Any CPU
		{7999001C-C595-4F3B-9364-35393CEEA43D}.Debug|ARM64.Build.0 = Debug|Any CPU
		{7999001C-C595-4F3B-9364-35393CEEA43D}.Debug|x64.ActiveCfg = Debug|Any CPU
		{7999001C-C595-4F3B-9364-35393CEEA43D}.Debug|x64.Build.0 = Debug|Any CPU
		{7999001C-C595-4F3B-9364-35393CEEA43D}.Debug|x86.ActiveCfg = Debug|Any CPU
		{7999001C-C595-4F3B-9364-35393CEEA43D}.Debug|x86.Build.0 = Debug|Any CPU
		{7999001C-C595-4F3B-9364-35393CEEA43D}.Release|Any CPU.ActiveCfg = Release|Any CPU
		{7999001C-C595-4F3B-9364-35393CEEA43D}.Release|Any CPU.Build.0 = Release|Any CPU
		{7999001C-C595-4F3B-9364-35393CEEA43D}.Release|ARM.ActiveCfg = Release|Any CPU
		{7999001C-C595-4F3B-9364-35393CEEA43D}.Release|ARM.Build.0 = Release|Any CPU
		{7999001C-C595-4F3B-9364-35393CEEA43D}.Release|ARM64.ActiveCfg = Release|Any CPU
		{7999001C-C595-4F3B-9364-35393CEEA43D}.Release|ARM64.Build.0 = Release|Any CPU
		{7999001C-C595-4F3B-9364-35393CEEA43D}.Release|x64.ActiveCfg = Release|Any CPU
		{7999001C-C595-4F3B-9364-35393CEEA43D}.Release|x64.Build.0 = Release|Any CPU
		{7999001C-C595-4F3B-9364-35393CEEA43D}.Release|x86.ActiveCfg = Release|Any CPU
		{7999001C-C595-4F3B-9364-35393CEEA43D}.Release|x86.Build.0 = Release|Any CPU
	EndGlobalSection
	GlobalSection(SolutionProperties) = preSolution
		HideSolutionNode = FALSE
	EndGlobalSection
	GlobalSection(NestedProjects) = preSolution
		{9820248A-CD97-4E68-B702-60D43FDF3C62} = {22FD0680-0B04-454B-A417-430343B3685A}
		{F3953AF8-F0D9-428D-B245-659E9ADF6E6A} = {22FD0680-0B04-454B-A417-430343B3685A}
	EndGlobalSection
	GlobalSection(ExtensibilityGlobals) = postSolution
		SolutionGuid = {30E195A8-5F73-44FA-A681-8E5BA9DF6C58}
	EndGlobalSection
EndGlobal
